// !$*UTF8*$!
{
	archiveVersion = 1;
	classes = {
	};
	objectVersion = 50;
	objects = {

/* Begin PBXBuildFile section */
		8A016203248EB97B00BDCB42 /* addEventViewController.swift in Sources */ = {isa = PBXBuildFile; fileRef = 8A016202248EB97B00BDCB42 /* addEventViewController.swift */; };
		8A016207248EBA0700BDCB42 /* membersTableViewController.swift in Sources */ = {isa = PBXBuildFile; fileRef = 8A016206248EBA0700BDCB42 /* membersTableViewController.swift */; };
		8A016209248EBA4200BDCB42 /* addMemberViewController.swift in Sources */ = {isa = PBXBuildFile; fileRef = 8A016208248EBA4200BDCB42 /* addMemberViewController.swift */; };
		8A1815AA248AABCB00C3091D /* AppDelegate.swift in Sources */ = {isa = PBXBuildFile; fileRef = 8A1815A9248AABCB00C3091D /* AppDelegate.swift */; };
		8A1815AF248AABCB00C3091D /* Main.storyboard in Resources */ = {isa = PBXBuildFile; fileRef = 8A1815AD248AABCB00C3091D /* Main.storyboard */; };
		8A1815B2248AABCB00C3091D /* sharePayments.xcdatamodeld in Sources */ = {isa = PBXBuildFile; fileRef = 8A1815B0248AABCB00C3091D /* sharePayments.xcdatamodeld */; };
		8A1815B4248AABCD00C3091D /* Assets.xcassets in Resources */ = {isa = PBXBuildFile; fileRef = 8A1815B3248AABCD00C3091D /* Assets.xcassets */; };
		8A1815B7248AABCD00C3091D /* LaunchScreen.storyboard in Resources */ = {isa = PBXBuildFile; fileRef = 8A1815B5248AABCD00C3091D /* LaunchScreen.storyboard */; };
		8A1815BF248BE9B500C3091D /* mainTableViewController.swift in Sources */ = {isa = PBXBuildFile; fileRef = 8A1815BE248BE9B500C3091D /* mainTableViewController.swift */; };
		8A257C96249F8DD5007248A4 /* ModelData.swift in Sources */ = {isa = PBXBuildFile; fileRef = 8A257C95249F8DD5007248A4 /* ModelData.swift */; };
		8ACBCEF524954F480034E634 /* MembersTableViewCell.swift in Sources */ = {isa = PBXBuildFile; fileRef = 8ACBCEF424954F480034E634 /* MembersTableViewCell.swift */; };
		8AF61FBF2490F09600AB4EE3 /* modelEvent.swift in Sources */ = {isa = PBXBuildFile; fileRef = 8AF61FBE2490F09600AB4EE3 /* modelEvent.swift */; };
		8AF61FC12491065200AB4EE3 /* EventTableViewCell.swift in Sources */ = {isa = PBXBuildFile; fileRef = 8AF61FC02491065200AB4EE3 /* EventTableViewCell.swift */; };
/* End PBXBuildFile section */

/* Begin PBXFileReference section */
		8A016202248EB97B00BDCB42 /* addEventViewController.swift */ = {isa = PBXFileReference; lastKnownFileType = sourcecode.swift; path = addEventViewController.swift; sourceTree = "<group>"; };
		8A016206248EBA0700BDCB42 /* membersTableViewController.swift */ = {isa = PBXFileReference; lastKnownFileType = sourcecode.swift; path = membersTableViewController.swift; sourceTree = "<group>"; };
		8A016208248EBA4200BDCB42 /* addMemberViewController.swift */ = {isa = PBXFileReference; lastKnownFileType = sourcecode.swift; path = addMemberViewController.swift; sourceTree = "<group>"; };
		8A1815A6248AABCB00C3091D /* sharePayments.app */ = {isa = PBXFileReference; explicitFileType = wrapper.application; includeInIndex = 0; path = sharePayments.app; sourceTree = BUILT_PRODUCTS_DIR; };
		8A1815A9248AABCB00C3091D /* AppDelegate.swift */ = {isa = PBXFileReference; lastKnownFileType = sourcecode.swift; path = AppDelegate.swift; sourceTree = "<group>"; };
		8A1815AE248AABCB00C3091D /* Base */ = {isa = PBXFileReference; lastKnownFileType = file.storyboard; name = Base; path = Base.lproj/Main.storyboard; sourceTree = "<group>"; };
		8A1815B1248AABCB00C3091D /* sharePayments.xcdatamodel */ = {isa = PBXFileReference; lastKnownFileType = wrapper.xcdatamodel; path = sharePayments.xcdatamodel; sourceTree = "<group>"; };
		8A1815B3248AABCD00C3091D /* Assets.xcassets */ = {isa = PBXFileReference; lastKnownFileType = folder.assetcatalog; path = Assets.xcassets; sourceTree = "<group>"; };
		8A1815B6248AABCD00C3091D /* Base */ = {isa = PBXFileReference; lastKnownFileType = file.storyboard; name = Base; path = Base.lproj/LaunchScreen.storyboard; sourceTree = "<group>"; };
		8A1815B8248AABCD00C3091D /* Info.plist */ = {isa = PBXFileReference; lastKnownFileType = text.plist.xml; path = Info.plist; sourceTree = "<group>"; };
		8A1815BE248BE9B500C3091D /* mainTableViewController.swift */ = {isa = PBXFileReference; lastKnownFileType = sourcecode.swift; path = mainTableViewController.swift; sourceTree = "<group>"; };
		8A257C95249F8DD5007248A4 /* ModelData.swift */ = {isa = PBXFileReference; lastKnownFileType = sourcecode.swift; path = ModelData.swift; sourceTree = "<group>"; };
		8ACBCEF424954F480034E634 /* MembersTableViewCell.swift */ = {isa = PBXFileReference; lastKnownFileType = sourcecode.swift; path = MembersTableViewCell.swift; sourceTree = "<group>"; };
		8AF61FBE2490F09600AB4EE3 /* modelEvent.swift */ = {isa = PBXFileReference; lastKnownFileType = sourcecode.swift; path = modelEvent.swift; sourceTree = "<group>"; };
		8AF61FC02491065200AB4EE3 /* EventTableViewCell.swift */ = {isa = PBXFileReference; lastKnownFileType = sourcecode.swift; path = EventTableViewCell.swift; sourceTree = "<group>"; };
/* End PBXFileReference section */

/* Begin PBXFrameworksBuildPhase section */
		8A1815A3248AABCB00C3091D /* Frameworks */ = {
			isa = PBXFrameworksBuildPhase;
			buildActionMask = 2147483647;
			files = (
			);
			runOnlyForDeploymentPostprocessing = 0;
		};
/* End PBXFrameworksBuildPhase section */

/* Begin PBXGroup section */
		8A18159D248AABCB00C3091D = {
			isa = PBXGroup;
			children = (
				8A1815A8248AABCB00C3091D /* sharePayments */,
				8A1815A7248AABCB00C3091D /* Products */,
			);
			sourceTree = "<group>";
		};
		8A1815A7248AABCB00C3091D /* Products */ = {
			isa = PBXGroup;
			children = (
				8A1815A6248AABCB00C3091D /* sharePayments.app */,
			);
			name = Products;
			sourceTree = "<group>";
		};
		8A1815A8248AABCB00C3091D /* sharePayments */ = {
			isa = PBXGroup;
			children = (
				8AF61FBD2490F03200AB4EE3 /* Model */,
				8AF61FBB2490EFFE00AB4EE3 /* Controller */,
				8AF61FBC2490F01700AB4EE3 /* View */,
				8A1815B3248AABCD00C3091D /* Assets.xcassets */,
				8A1815A9248AABCB00C3091D /* AppDelegate.swift */,
				8A1815B0248AABCB00C3091D /* sharePayments.xcdatamodeld */,
				8A1815B8248AABCD00C3091D /* Info.plist */,
			);
			path = sharePayments;
			sourceTree = "<group>";
		};
		8A257C94249F8D8F007248A4 /* Cell */ = {
			isa = PBXGroup;
			children = (
				8AF61FC02491065200AB4EE3 /* EventTableViewCell.swift */,
				8ACBCEF424954F480034E634 /* MembersTableViewCell.swift */,
			);
			path = Cell;
			sourceTree = "<group>";
		};
		8ACBCEF2249546AE0034E634 /* controller events */ = {
			isa = PBXGroup;
			children = (
				8A1815BE248BE9B500C3091D /* mainTableViewController.swift */,
				8A016202248EB97B00BDCB42 /* addEventViewController.swift */,
			);
			path = "controller events";
			sourceTree = "<group>";
		};
		8ACBCEF3249546C60034E634 /* controller members */ = {
			isa = PBXGroup;
			children = (
				8A016206248EBA0700BDCB42 /* membersTableViewController.swift */,
				8A016208248EBA4200BDCB42 /* addMemberViewController.swift */,
			);
			path = "controller members";
			sourceTree = "<group>";
		};
		8AF61FBB2490EFFE00AB4EE3 /* Controller */ = {
			isa = PBXGroup;
			children = (
				8ACBCEF2249546AE0034E634 /* controller events */,
				8ACBCEF3249546C60034E634 /* controller members */,
			);
			path = Controller;
			sourceTree = "<group>";
		};
		8AF61FBC2490F01700AB4EE3 /* View */ = {
			isa = PBXGroup;
			children = (
				8A1815AD248AABCB00C3091D /* Main.storyboard */,
				8A1815B5248AABCD00C3091D /* LaunchScreen.storyboard */,
			);
			path = View;
			sourceTree = "<group>";
		};
		8AF61FBD2490F03200AB4EE3 /* Model */ = {
			isa = PBXGroup;
			children = (
				8AF61FBE2490F09600AB4EE3 /* modelEvent.swift */,
				8A257C95249F8DD5007248A4 /* ModelData.swift */,
				8A257C94249F8D8F007248A4 /* Cell */,
			);
			path = Model;
			sourceTree = "<group>";
		};
/* End PBXGroup section */

/* Begin PBXNativeTarget section */
		8A1815A5248AABCB00C3091D /* sharePayments */ = {
			isa = PBXNativeTarget;
			buildConfigurationList = 8A1815BB248AABCD00C3091D /* Build configuration list for PBXNativeTarget "sharePayments" */;
			buildPhases = (
				8A1815A2248AABCB00C3091D /* Sources */,
				8A1815A3248AABCB00C3091D /* Frameworks */,
				8A1815A4248AABCB00C3091D /* Resources */,
			);
			buildRules = (
			);
			dependencies = (
			);
			name = sharePayments;
			productName = sharePayments;
			productReference = 8A1815A6248AABCB00C3091D /* sharePayments.app */;
			productType = "com.apple.product-type.application";
		};
/* End PBXNativeTarget section */

/* Begin PBXProject section */
		8A18159E248AABCB00C3091D /* Project object */ = {
			isa = PBXProject;
			attributes = {
				LastSwiftUpdateCheck = 1010;
				LastUpgradeCheck = 1010;
				ORGANIZATIONNAME = "Alexey Okhin";
				TargetAttributes = {
					8A1815A5248AABCB00C3091D = {
						CreatedOnToolsVersion = 10.1;
					};
				};
			};
			buildConfigurationList = 8A1815A1248AABCB00C3091D /* Build configuration list for PBXProject "sharePayments" */;
			compatibilityVersion = "Xcode 9.3";
			developmentRegion = en;
			hasScannedForEncodings = 0;
			knownRegions = (
				en,
				Base,
			);
			mainGroup = 8A18159D248AABCB00C3091D;
			productRefGroup = 8A1815A7248AABCB00C3091D /* Products */;
			projectDirPath = "";
			projectRoot = "";
			targets = (
				8A1815A5248AABCB00C3091D /* sharePayments */,
			);
		};
/* End PBXProject section */

/* Begin PBXResourcesBuildPhase section */
		8A1815A4248AABCB00C3091D /* Resources */ = {
			isa = PBXResourcesBuildPhase;
			buildActionMask = 2147483647;
			files = (
				8A1815B7248AABCD00C3091D /* LaunchScreen.storyboard in Resources */,
				8A1815B4248AABCD00C3091D /* Assets.xcassets in Resources */,
				8A1815AF248AABCB00C3091D /* Main.storyboard in Resources */,
			);
			runOnlyForDeploymentPostprocessing = 0;
		};
/* End PBXResourcesBuildPhase section */

/* Begin PBXSourcesBuildPhase section */
		8A1815A2248AABCB00C3091D /* Sources */ = {
			isa = PBXSourcesBuildPhase;
			buildActionMask = 2147483647;
			files = (
				8AF61FC12491065200AB4EE3 /* EventTableViewCell.swift in Sources */,
				8A1815B2248AABCB00C3091D /* sharePayments.xcdatamodeld in Sources */,
				8A016207248EBA0700BDCB42 /* membersTableViewController.swift in Sources */,
				8ACBCEF524954F480034E634 /* MembersTableViewCell.swift in Sources */,
				8A257C96249F8DD5007248A4 /* ModelData.swift in Sources */,
				8A016209248EBA4200BDCB42 /* addMemberViewController.swift in Sources */,
				8A016203248EB97B00BDCB42 /* addEventViewController.swift in Sources */,
				8A1815BF248BE9B500C3091D /* mainTableViewController.swift in Sources */,
				8AF61FBF2490F09600AB4EE3 /* modelEvent.swift in Sources */,
				8A1815AA248AABCB00C3091D /* AppDelegate.swift in Sources */,
			);
			runOnlyForDeploymentPostprocessing = 0;
		};
/* End PBXSourcesBuildPhase section */

/* Begin PBXVariantGroup section */
		8A1815AD248AABCB00C3091D /* Main.storyboard */ = {
			isa = PBXVariantGroup;
			children = (
				8A1815AE248AABCB00C3091D /* Base */,
			);
			name = Main.storyboard;
			sourceTree = "<group>";
		};
		8A1815B5248AABCD00C3091D /* LaunchScreen.storyboard */ = {
			isa = PBXVariantGroup;
			children = (
				8A1815B6248AABCD00C3091D /* Base */,
			);
			name = LaunchScreen.storyboard;
			sourceTree = "<group>";
		};
/* End PBXVariantGroup section */

/* Begin XCBuildConfiguration section */
		8A1815B9248AABCD00C3091D /* Debug */ = {
			isa = XCBuildConfiguration;
			buildSettings = {
				ALWAYS_SEARCH_USER_PATHS = NO;
				CLANG_ANALYZER_NONNULL = YES;
				CLANG_ANALYZER_NUMBER_OBJECT_CONVERSION = YES_AGGRESSIVE;
				CLANG_CXX_LANGUAGE_STANDARD = "gnu++14";
				CLANG_CXX_LIBRARY = "libc++";
				CLANG_ENABLE_MODULES = YES;
				CLANG_ENABLE_OBJC_ARC = YES;
				CLANG_ENABLE_OBJC_WEAK = YES;
				CLANG_WARN_BLOCK_CAPTURE_AUTORELEASING = YES;
				CLANG_WARN_BOOL_CONVERSION = YES;
				CLANG_WARN_COMMA = YES;
				CLANG_WARN_CONSTANT_CONVERSION = YES;
				CLANG_WARN_DEPRECATED_OBJC_IMPLEMENTATIONS = YES;
				CLANG_WARN_DIRECT_OBJC_ISA_USAGE = YES_ERROR;
				CLANG_WARN_DOCUMENTATION_COMMENTS = YES;
				CLANG_WARN_EMPTY_BODY = YES;
				CLANG_WARN_ENUM_CONVERSION = YES;
				CLANG_WARN_INFINITE_RECURSION = YES;
				CLANG_WARN_INT_CONVERSION = YES;
				CLANG_WARN_NON_LITERAL_NULL_CONVERSION = YES;
				CLANG_WARN_OBJC_IMPLICIT_RETAIN_SELF = YES;
				CLANG_WARN_OBJC_LITERAL_CONVERSION = YES;
				CLANG_WARN_OBJC_ROOT_CLASS = YES_ERROR;
				CLANG_WARN_RANGE_LOOP_ANALYSIS = YES;
				CLANG_WARN_STRICT_PROTOTYPES = YES;
				CLANG_WARN_SUSPICIOUS_MOVE = YES;
				CLANG_WARN_UNGUARDED_AVAILABILITY = YES_AGGRESSIVE;
				CLANG_WARN_UNREACHABLE_CODE = YES;
				CLANG_WARN__DUPLICATE_METHOD_MATCH = YES;
				CODE_SIGN_IDENTITY = "iPhone Developer";
				COPY_PHASE_STRIP = NO;
				DEBUG_INFORMATION_FORMAT = dwarf;
				ENABLE_STRICT_OBJC_MSGSEND = YES;
				ENABLE_TESTABILITY = YES;
				GCC_C_LANGUAGE_STANDARD = gnu11;
				GCC_DYNAMIC_NO_PIC = NO;
				GCC_NO_COMMON_BLOCKS = YES;
				GCC_OPTIMIZATION_LEVEL = 0;
				GCC_PREPROCESSOR_DEFINITIONS = (
					"DEBUG=1",
					"$(inherited)",
				);
				GCC_WARN_64_TO_32_BIT_CONVERSION = YES;
				GCC_WARN_ABOUT_RETURN_TYPE = YES_ERROR;
				GCC_WARN_UNDECLARED_SELECTOR = YES;
				GCC_WARN_UNINITIALIZED_AUTOS = YES_AGGRESSIVE;
				GCC_WARN_UNUSED_FUNCTION = YES;
				GCC_WARN_UNUSED_VARIABLE = YES;
				IPHONEOS_DEPLOYMENT_TARGET = 12.1;
				MTL_ENABLE_DEBUG_INFO = INCLUDE_SOURCE;
				MTL_FAST_MATH = YES;
				ONLY_ACTIVE_ARCH = YES;
				SDKROOT = iphoneos;
				SWIFT_ACTIVE_COMPILATION_CONDITIONS = DEBUG;
				SWIFT_OPTIMIZATION_LEVEL = "-Onone";
			};
			name = Debug;
		};
		8A1815BA248AABCD00C3091D /* Release */ = {
			isa = XCBuildConfiguration;
			buildSettings = {
				ALWAYS_SEARCH_USER_PATHS = NO;
				CLANG_ANALYZER_NONNULL = YES;
				CLANG_ANALYZER_NUMBER_OBJECT_CONVERSION = YES_AGGRESSIVE;
				CLANG_CXX_LANGUAGE_STANDARD = "gnu++14";
				CLANG_CXX_LIBRARY = "libc++";
				CLANG_ENABLE_MODULES = YES;
				CLANG_ENABLE_OBJC_ARC = YES;
				CLANG_ENABLE_OBJC_WEAK = YES;
				CLANG_WARN_BLOCK_CAPTURE_AUTORELEASING = YES;
				CLANG_WARN_BOOL_CONVERSION = YES;
				CLANG_WARN_COMMA = YES;
				CLANG_WARN_CONSTANT_CONVERSION = YES;
				CLANG_WARN_DEPRECATED_OBJC_IMPLEMENTATIONS = YES;
				CLANG_WARN_DIRECT_OBJC_ISA_USAGE = YES_ERROR;
				CLANG_WARN_DOCUMENTATION_COMMENTS = YES;
				CLANG_WARN_EMPTY_BODY = YES;
				CLANG_WARN_ENUM_CONVERSION = YES;
				CLANG_WARN_INFINITE_RECURSION = YES;
				CLANG_WARN_INT_CONVERSION = YES;
				CLANG_WARN_NON_LITERAL_NULL_CONVERSION = YES;
				CLANG_WARN_OBJC_IMPLICIT_RETAIN_SELF = YES;
				CLANG_WARN_OBJC_LITERAL_CONVERSION = YES;
				CLANG_WARN_OBJC_ROOT_CLASS = YES_ERROR;
				CLANG_WARN_RANGE_LOOP_ANALYSIS = YES;
				CLANG_WARN_STRICT_PROTOTYPES = YES;
				CLANG_WARN_SUSPICIOUS_MOVE = YES;
				CLANG_WARN_UNGUARDED_AVAILABILITY = YES_AGGRESSIVE;
				CLANG_WARN_UNREACHABLE_CODE = YES;
				CLANG_WARN__DUPLICATE_METHOD_MATCH = YES;
				CODE_SIGN_IDENTITY = "iPhone Developer";
				COPY_PHASE_STRIP = NO;
				DEBUG_INFORMATION_FORMAT = "dwarf-with-dsym";
				ENABLE_NS_ASSERTIONS = NO;
				ENABLE_STRICT_OBJC_MSGSEND = YES;
				GCC_C_LANGUAGE_STANDARD = gnu11;
				GCC_NO_COMMON_BLOCKS = YES;
				GCC_WARN_64_TO_32_BIT_CONVERSION = YES;
				GCC_WARN_ABOUT_RETURN_TYPE = YES_ERROR;
				GCC_WARN_UNDECLARED_SELECTOR = YES;
				GCC_WARN_UNINITIALIZED_AUTOS = YES_AGGRESSIVE;
				GCC_WARN_UNUSED_FUNCTION = YES;
				GCC_WARN_UNUSED_VARIABLE = YES;
				IPHONEOS_DEPLOYMENT_TARGET = 12.1;
				MTL_ENABLE_DEBUG_INFO = NO;
				MTL_FAST_MATH = YES;
				SDKROOT = iphoneos;
				SWIFT_COMPILATION_MODE = wholemodule;
				SWIFT_OPTIMIZATION_LEVEL = "-O";
				VALIDATE_PRODUCT = YES;
			};
			name = Release;
		};
		8A1815BC248AABCD00C3091D /* Debug */ = {
			isa = XCBuildConfiguration;
			buildSettings = {
				ASSETCATALOG_COMPILER_APPICON_NAME = AppIcon;
				CODE_SIGN_STYLE = Automatic;
				DEVELOPMENT_TEAM = W856DM7S8L;
				INFOPLIST_FILE = sharePayments/Info.plist;
				LD_RUNPATH_SEARCH_PATHS = (
					"$(inherited)",
					"@executable_path/Frameworks",
				);
				PRODUCT_BUNDLE_IDENTIFIER = com.AlexeyOkhin.sharePayments;
				PRODUCT_NAME = "$(TARGET_NAME)";
				SWIFT_VERSION = 4.2;
				TARGETED_DEVICE_FAMILY = "1,2";
			};
			name = Debug;
		};
		8A1815BD248AABCD00C3091D /* Release */ = {
			isa = XCBuildConfiguration;
			buildSettings = {
				ASSETCATALOG_COMPILER_APPICON_NAME = AppIcon;
				CODE_SIGN_STYLE = Automatic;
				DEVELOPMENT_TEAM = W856DM7S8L;
				INFOPLIST_FILE = sharePayments/Info.plist;
				LD_RUNPATH_SEARCH_PATHS = (
					"$(inherited)",
					"@executable_path/Frameworks",
				);
				PRODUCT_BUNDLE_IDENTIFIER = com.AlexeyOkhin.sharePayments;
				PRODUCT_NAME = "$(TARGET_NAME)";
				SWIFT_VERSION = 4.2;
				TARGETED_DEVICE_FAMILY = "1,2";
			};
			name = Release;
		};
/* End XCBuildConfiguration section */

/* Begin XCConfigurationList section */
		8A1815A1248AABCB00C3091D /* Build configuration list for PBXProject "sharePayments" */ = {
			isa = XCConfigurationList;
			buildConfigurations = (
				8A1815B9248AABCD00C3091D /* Debug */,
				8A1815BA248AABCD00C3091D /* Release */,
			);
			defaultConfigurationIsVisible = 0;
			defaultConfigurationName = Release;
		};
		8A1815BB248AABCD00C3091D /* Build configuration list for PBXNativeTarget "sharePayments" */ = {
			isa = XCConfigurationList;
			buildConfigurations = (
				8A1815BC248AABCD00C3091D /* Debug */,
				8A1815BD248AABCD00C3091D /* Release */,
			);
			defaultConfigurationIsVisible = 0;
			defaultConfigurationName = Release;
		};
/* End XCConfigurationList section */

/* Begin XCVersionGroup section */
		8A1815B0248AABCB00C3091D /* sharePayments.xcdatamodeld */ = {
			isa = XCVersionGroup;
			children = (
				8A1815B1248AABCB00C3091D /* sharePayments.xcdatamodel */,
			);
			currentVersion = 8A1815B1248AABCB00C3091D /* sharePayments.xcdatamodel */;
			path = sharePayments.xcdatamodeld;
			sourceTree = "<group>";
			versionGroupType = wrapper.xcdatamodel;
		};
/* End XCVersionGroup section */
	};
	rootObject = 8A18159E248AABCB00C3091D /* Project object */;
}
